Microsoft Visual Studio Solution File, Format Version 12.00
# Visual Studio Version 17
VisualStudioVersion = 17.5.2.0
MinimumVisualStudioVersion = 10.0.40219.1
Project("{FAE04EC0-301F-11D3-BF4B-00C04F79EFBC}") = "ExerciciosRecursividades", "ExerciciosRecursividades.csproj", "{310ADB0C-53B0-2AB3-1513-6CC246AF4073}"
EndProject
Global
	GlobalSection(SolutionConfigurationPlatforms) = preSolution
		Debug|Any CPU = Debug|Any CPU
		Release|Any CPU = Release|Any CPU
	EndGlobalSection
	GlobalSection(ProjectConfigurationPlatforms) = postSolution
		{310ADB0C-53B0-2AB3-1513-6CC246AF4073}.Debug|Any CPU.ActiveCfg = Debug|Any CPU
		{310ADB0C-53B0-2AB3-1513-6CC246AF4073}.Debug|Any CPU.Build.0 = Debug|Any CPU
		{310ADB0C-53B0-2AB3-1513-6CC246AF4073}.Release|Any CPU.ActiveCfg = Release|Any CPU
		{310ADB0C-53B0-2AB3-1513-6CC246AF4073}.Release|Any CPU.Build.0 = Release|Any CPU
	EndGlobalSection
	GlobalSection(SolutionProperties) = preSolution
		HideSolutionNode = FALSE
	EndGlobalSection
	GlobalSection(ExtensibilityGlobals) = postSolution
		SolutionGuid = {252026AD-DFD7-4906-B1A4-A6426B37AD7E}
	EndGlobalSection
EndGlobal
